<?xml version="1.0" encoding="utf-8"?>
<Project ToolsVersion="17.0" xmlns="http://schemas.microsoft.com/developer/msbuild/2003">
  <ItemGroup>
    <ClCompile Include="C:\Users\jonas\OneDrive\Documents\Code\C++\small_games\pacman\pacman.c">
      <Filter>Source Files</Filter>
    </ClCompile>
  </ItemGroup>
  <ItemGroup>
    <CustomBuild Include="C:\Users\jonas\OneDrive\Documents\Code\C++\small_games\pacman\CMakeLists.txt" />
  </ItemGroup>
  <ItemGroup>
    <Filter Include="Source Files">
      <UniqueIdentifier>{5A630A1B-3060-3E4A-86DE-FC007DFD5629}</UniqueIdentifier>
    </Filter>
  </ItemGroup>
</Project>
